# THIS IS AN AUTOGENERATED FILE. DO NOT EDIT THIS FILE DIRECTLY.
# yarn lockfile v1


node-addon-api@^6.0.0:
  version "6.0.0"
  resolved "https://registry.npmmirror.com/node-addon-api/-/node-addon-api-6.0.0.tgz#cfb3574e6df708ff71a30db6c4762d9e06e11c27"
  integrity sha512-GyHvgPvUXBvAkXa0YvYnhilSB1A+FRYMpIVggKzPZqdaZfevZOuzfWzyvgzOwRLHBeo/MMswmJFsrNF4Nw1pmA==
